// !$*UTF8*$!
{
	archiveVersion = 1;
	classes = {
	};
	objectVersion = 50;
	objects = {

/* Begin PBXBuildFile section */
		004187BA23D57841366B9EB4 /* Pods_GitHubTests.framework in Frameworks */ = {isa = PBXBuildFile; fileRef = 9B0A4C3317F93DDB58AC120F /* Pods_GitHubTests.framework */; };
		0781E0BC21CA50160040FB1E /* AppDelegate.swift in Sources */ = {isa = PBXBuildFile; fileRef = 0781E0BB21CA50160040FB1E /* AppDelegate.swift */; };
		0781E0BE21CA50160040FB1E /* SearchVC.swift in Sources */ = {isa = PBXBuildFile; fileRef = 0781E0BD21CA50160040FB1E /* SearchVC.swift */; };
		0781E0C121CA50160040FB1E /* Main.storyboard in Resources */ = {isa = PBXBuildFile; fileRef = 0781E0BF21CA50160040FB1E /* Main.storyboard */; };
		0781E0C321CA50180040FB1E /* Assets.xcassets in Resources */ = {isa = PBXBuildFile; fileRef = 0781E0C221CA50180040FB1E /* Assets.xcassets */; };
		0781E0C621CA50180040FB1E /* LaunchScreen.storyboard in Resources */ = {isa = PBXBuildFile; fileRef = 0781E0C421CA50180040FB1E /* LaunchScreen.storyboard */; };
		0781E0D121CA50180040FB1E /* GitHubTests.swift in Sources */ = {isa = PBXBuildFile; fileRef = 0781E0D021CA50180040FB1E /* GitHubTests.swift */; };
		0781E0DE21CA511D0040FB1E /* Configuration.swift in Sources */ = {isa = PBXBuildFile; fileRef = 0781E0DD21CA511D0040FB1E /* Configuration.swift */; };
		0781E0ED21CA51C30040FB1E /* UIView+Extension.swift in Sources */ = {isa = PBXBuildFile; fileRef = 0781E0EA21CA51C30040FB1E /* UIView+Extension.swift */; };
		0781E0F421CA51CD0040FB1E /* LoadingView.xib in Resources */ = {isa = PBXBuildFile; fileRef = 0781E0F121CA51CD0040FB1E /* LoadingView.xib */; };
		0781E0F521CA51CD0040FB1E /* LoadingView.swift in Sources */ = {isa = PBXBuildFile; fileRef = 0781E0F221CA51CD0040FB1E /* LoadingView.swift */; };
		0781E0F921CA52730040FB1E /* PagingViewModel.swift in Sources */ = {isa = PBXBuildFile; fileRef = 0781E0F821CA52730040FB1E /* PagingViewModel.swift */; };
		0781E0FE21CA529E0040FB1E /* NetworkManager.swift in Sources */ = {isa = PBXBuildFile; fileRef = 0781E0FB21CA529D0040FB1E /* NetworkManager.swift */; };
		0781E10521CA53060040FB1E /* EndPointPath.swift in Sources */ = {isa = PBXBuildFile; fileRef = 0781E10121CA53060040FB1E /* EndPointPath.swift */; };
		0781E10621CA53060040FB1E /* QueryItem.swift in Sources */ = {isa = PBXBuildFile; fileRef = 0781E10221CA53060040FB1E /* QueryItem.swift */; };
		0781E10721CA53060040FB1E /* EndPoints.swift in Sources */ = {isa = PBXBuildFile; fileRef = 0781E10321CA53060040FB1E /* EndPoints.swift */; };
		0781E10821CA53060040FB1E /* URLManager.swift in Sources */ = {isa = PBXBuildFile; fileRef = 0781E10421CA53060040FB1E /* URLManager.swift */; };
		0781E10A21CA573D0040FB1E /* User.swift in Sources */ = {isa = PBXBuildFile; fileRef = 0781E10921CA573D0040FB1E /* User.swift */; };
		0781E10D21CA59820040FB1E /* Response.swift in Sources */ = {isa = PBXBuildFile; fileRef = 0781E10C21CA59820040FB1E /* Response.swift */; };
		0781E11321CA5C790040FB1E /* SearchVC+Delegates.swift in Sources */ = {isa = PBXBuildFile; fileRef = 0781E11221CA5C790040FB1E /* SearchVC+Delegates.swift */; };
		0781E11721CA5EBD0040FB1E /* UserCell.swift in Sources */ = {isa = PBXBuildFile; fileRef = 0781E11621CA5EBD0040FB1E /* UserCell.swift */; };
		0781E11921CA7C7B0040FB1E /* UserDetailsVC.swift in Sources */ = {isa = PBXBuildFile; fileRef = 0781E11821CA7C7B0040FB1E /* UserDetailsVC.swift */; };
		0781E11C21CA7CDD0040FB1E /* ActivityIndicator.swift in Sources */ = {isa = PBXBuildFile; fileRef = 0781E11B21CA7CDD0040FB1E /* ActivityIndicator.swift */; };
		0781E11E21CA7D070040FB1E /* UIView+Constraint+Extension.swift in Sources */ = {isa = PBXBuildFile; fileRef = 0781E11D21CA7D070040FB1E /* UIView+Constraint+Extension.swift */; };
		0781E12021CA85A90040FB1E /* UserType.swift in Sources */ = {isa = PBXBuildFile; fileRef = 0781E11F21CA85A90040FB1E /* UserType.swift */; };
		0781E12221CA89760040FB1E /* Navigation.swift in Sources */ = {isa = PBXBuildFile; fileRef = 0781E12121CA89760040FB1E /* Navigation.swift */; };
		0781E12421CA9DD80040FB1E /* DetailsViewModel.swift in Sources */ = {isa = PBXBuildFile; fileRef = 0781E12321CA9DD80040FB1E /* DetailsViewModel.swift */; };
		0781E12621CAAA920040FB1E /* DateFormatter+Extension.swift in Sources */ = {isa = PBXBuildFile; fileRef = 0781E12521CAAA920040FB1E /* DateFormatter+Extension.swift */; };
		0781E12821CAAC450040FB1E /* DetailInfoView.swift in Sources */ = {isa = PBXBuildFile; fileRef = 0781E12721CAAC450040FB1E /* DetailInfoView.swift */; };
		0781E12A21CAAC5A0040FB1E /* DetailInfoView.xib in Resources */ = {isa = PBXBuildFile; fileRef = 0781E12921CAAC5A0040FB1E /* DetailInfoView.xib */; };
		0781E13221CAD1970040FB1E /* FollowersListVC.swift in Sources */ = {isa = PBXBuildFile; fileRef = 0781E13121CAD1970040FB1E /* FollowersListVC.swift */; };
		0781E13421CAD6330040FB1E /* FollowersViewModel.swift in Sources */ = {isa = PBXBuildFile; fileRef = 0781E13321CAD6330040FB1E /* FollowersViewModel.swift */; };
		B206B8C428FF41C935A2045C /* Pods_GitHub.framework in Frameworks */ = {isa = PBXBuildFile; fileRef = 60C6B7B84A7E5F383559ED11 /* Pods_GitHub.framework */; };
/* End PBXBuildFile section */

/* Begin PBXContainerItemProxy section */
		0781E0CD21CA50180040FB1E /* PBXContainerItemProxy */ = {
			isa = PBXContainerItemProxy;
			containerPortal = 0781E0B021CA50160040FB1E /* Project object */;
			proxyType = 1;
			remoteGlobalIDString = 0781E0B721CA50160040FB1E;
			remoteInfo = GitHub;
		};
/* End PBXContainerItemProxy section */

/* Begin PBXFileReference section */
		0781E0B821CA50160040FB1E /* GitHub.app */ = {isa = PBXFileReference; explicitFileType = wrapper.application; includeInIndex = 0; path = GitHub.app; sourceTree = BUILT_PRODUCTS_DIR; };
		0781E0BB21CA50160040FB1E /* AppDelegate.swift */ = {isa = PBXFileReference; lastKnownFileType = sourcecode.swift; path = AppDelegate.swift; sourceTree = "<group>"; };
		0781E0BD21CA50160040FB1E /* SearchVC.swift */ = {isa = PBXFileReference; lastKnownFileType = sourcecode.swift; path = SearchVC.swift; sourceTree = "<group>"; };
		0781E0C021CA50160040FB1E /* Base */ = {isa = PBXFileReference; lastKnownFileType = file.storyboard; name = Base; path = Base.lproj/Main.storyboard; sourceTree = "<group>"; };
		0781E0C221CA50180040FB1E /* Assets.xcassets */ = {isa = PBXFileReference; lastKnownFileType = folder.assetcatalog; path = Assets.xcassets; sourceTree = "<group>"; };
		0781E0C521CA50180040FB1E /* Base */ = {isa = PBXFileReference; lastKnownFileType = file.storyboard; name = Base; path = Base.lproj/LaunchScreen.storyboard; sourceTree = "<group>"; };
		0781E0C721CA50180040FB1E /* Info.plist */ = {isa = PBXFileReference; lastKnownFileType = text.plist.xml; path = Info.plist; sourceTree = "<group>"; };
		0781E0CC21CA50180040FB1E /* GitHubTests.xctest */ = {isa = PBXFileReference; explicitFileType = wrapper.cfbundle; includeInIndex = 0; path = GitHubTests.xctest; sourceTree = BUILT_PRODUCTS_DIR; };
		0781E0D021CA50180040FB1E /* GitHubTests.swift */ = {isa = PBXFileReference; lastKnownFileType = sourcecode.swift; path = GitHubTests.swift; sourceTree = "<group>"; };
		0781E0D221CA50180040FB1E /* Info.plist */ = {isa = PBXFileReference; lastKnownFileType = text.plist.xml; path = Info.plist; sourceTree = "<group>"; };
		0781E0DD21CA511D0040FB1E /* Configuration.swift */ = {isa = PBXFileReference; lastKnownFileType = sourcecode.swift; path = Configuration.swift; sourceTree = "<group>"; };
		0781E0DF21CA51390040FB1E /* Assignment.pdf */ = {isa = PBXFileReference; lastKnownFileType = image.pdf; path = Assignment.pdf; sourceTree = "<group>"; };
		0781E0EA21CA51C30040FB1E /* UIView+Extension.swift */ = {isa = PBXFileReference; fileEncoding = 4; lastKnownFileType = sourcecode.swift; path = "UIView+Extension.swift"; sourceTree = "<group>"; };
		0781E0F121CA51CD0040FB1E /* LoadingView.xib */ = {isa = PBXFileReference; fileEncoding = 4; lastKnownFileType = file.xib; path = LoadingView.xib; sourceTree = "<group>"; };
		0781E0F221CA51CD0040FB1E /* LoadingView.swift */ = {isa = PBXFileReference; fileEncoding = 4; lastKnownFileType = sourcecode.swift; path = LoadingView.swift; sourceTree = "<group>"; };
		0781E0F821CA52730040FB1E /* PagingViewModel.swift */ = {isa = PBXFileReference; fileEncoding = 4; lastKnownFileType = sourcecode.swift; path = PagingViewModel.swift; sourceTree = "<group>"; };
		0781E0FB21CA529D0040FB1E /* NetworkManager.swift */ = {isa = PBXFileReference; fileEncoding = 4; lastKnownFileType = sourcecode.swift; path = NetworkManager.swift; sourceTree = "<group>"; };
		0781E10121CA53060040FB1E /* EndPointPath.swift */ = {isa = PBXFileReference; fileEncoding = 4; lastKnownFileType = sourcecode.swift; path = EndPointPath.swift; sourceTree = "<group>"; };
		0781E10221CA53060040FB1E /* QueryItem.swift */ = {isa = PBXFileReference; fileEncoding = 4; lastKnownFileType = sourcecode.swift; path = QueryItem.swift; sourceTree = "<group>"; };
		0781E10321CA53060040FB1E /* EndPoints.swift */ = {isa = PBXFileReference; fileEncoding = 4; lastKnownFileType = sourcecode.swift; path = EndPoints.swift; sourceTree = "<group>"; };
		0781E10421CA53060040FB1E /* URLManager.swift */ = {isa = PBXFileReference; fileEncoding = 4; lastKnownFileType = sourcecode.swift; path = URLManager.swift; sourceTree = "<group>"; };
		0781E10921CA573D0040FB1E /* User.swift */ = {isa = PBXFileReference; lastKnownFileType = sourcecode.swift; path = User.swift; sourceTree = "<group>"; };
		0781E10C21CA59820040FB1E /* Response.swift */ = {isa = PBXFileReference; lastKnownFileType = sourcecode.swift; path = Response.swift; sourceTree = "<group>"; };
		0781E11221CA5C790040FB1E /* SearchVC+Delegates.swift */ = {isa = PBXFileReference; lastKnownFileType = sourcecode.swift; path = "SearchVC+Delegates.swift"; sourceTree = "<group>"; };
		0781E11621CA5EBD0040FB1E /* UserCell.swift */ = {isa = PBXFileReference; lastKnownFileType = sourcecode.swift; path = UserCell.swift; sourceTree = "<group>"; };
		0781E11821CA7C7B0040FB1E /* UserDetailsVC.swift */ = {isa = PBXFileReference; lastKnownFileType = sourcecode.swift; path = UserDetailsVC.swift; sourceTree = "<group>"; };
		0781E11B21CA7CDD0040FB1E /* ActivityIndicator.swift */ = {isa = PBXFileReference; fileEncoding = 4; lastKnownFileType = sourcecode.swift; path = ActivityIndicator.swift; sourceTree = "<group>"; };
		0781E11D21CA7D070040FB1E /* UIView+Constraint+Extension.swift */ = {isa = PBXFileReference; fileEncoding = 4; lastKnownFileType = sourcecode.swift; path = "UIView+Constraint+Extension.swift"; sourceTree = "<group>"; };
		0781E11F21CA85A90040FB1E /* UserType.swift */ = {isa = PBXFileReference; lastKnownFileType = sourcecode.swift; path = UserType.swift; sourceTree = "<group>"; };
		0781E12121CA89760040FB1E /* Navigation.swift */ = {isa = PBXFileReference; lastKnownFileType = sourcecode.swift; path = Navigation.swift; sourceTree = "<group>"; };
		0781E12321CA9DD80040FB1E /* DetailsViewModel.swift */ = {isa = PBXFileReference; lastKnownFileType = sourcecode.swift; path = DetailsViewModel.swift; sourceTree = "<group>"; };
		0781E12521CAAA920040FB1E /* DateFormatter+Extension.swift */ = {isa = PBXFileReference; lastKnownFileType = sourcecode.swift; path = "DateFormatter+Extension.swift"; sourceTree = "<group>"; };
		0781E12721CAAC450040FB1E /* DetailInfoView.swift */ = {isa = PBXFileReference; lastKnownFileType = sourcecode.swift; path = DetailInfoView.swift; sourceTree = "<group>"; };
		0781E12921CAAC5A0040FB1E /* DetailInfoView.xib */ = {isa = PBXFileReference; lastKnownFileType = file.xib; path = DetailInfoView.xib; sourceTree = "<group>"; };
		0781E13121CAD1970040FB1E /* FollowersListVC.swift */ = {isa = PBXFileReference; lastKnownFileType = sourcecode.swift; path = FollowersListVC.swift; sourceTree = "<group>"; };
		0781E13321CAD6330040FB1E /* FollowersViewModel.swift */ = {isa = PBXFileReference; lastKnownFileType = sourcecode.swift; path = FollowersViewModel.swift; sourceTree = "<group>"; };
		14B2E0D4B1BA45F4A9BAE6BC /* Pods-GitHubTests.release.xcconfig */ = {isa = PBXFileReference; includeInIndex = 1; lastKnownFileType = text.xcconfig; name = "Pods-GitHubTests.release.xcconfig"; path = "Pods/Target Support Files/Pods-GitHubTests/Pods-GitHubTests.release.xcconfig"; sourceTree = "<group>"; };
		36E4D194A9A7BD0163C0C0D9 /* Pods-GitHubTests.debug.xcconfig */ = {isa = PBXFileReference; includeInIndex = 1; lastKnownFileType = text.xcconfig; name = "Pods-GitHubTests.debug.xcconfig"; path = "Pods/Target Support Files/Pods-GitHubTests/Pods-GitHubTests.debug.xcconfig"; sourceTree = "<group>"; };
		36FA0061663C0C5E17AEB618 /* Pods-GitHub.debug.xcconfig */ = {isa = PBXFileReference; includeInIndex = 1; lastKnownFileType = text.xcconfig; name = "Pods-GitHub.debug.xcconfig"; path = "Pods/Target Support Files/Pods-GitHub/Pods-GitHub.debug.xcconfig"; sourceTree = "<group>"; };
		45900162973BE12F9DC76BD1 /* Pods-GitHub.release.xcconfig */ = {isa = PBXFileReference; includeInIndex = 1; lastKnownFileType = text.xcconfig; name = "Pods-GitHub.release.xcconfig"; path = "Pods/Target Support Files/Pods-GitHub/Pods-GitHub.release.xcconfig"; sourceTree = "<group>"; };
		60C6B7B84A7E5F383559ED11 /* Pods_GitHub.framework */ = {isa = PBXFileReference; explicitFileType = wrapper.framework; includeInIndex = 0; path = Pods_GitHub.framework; sourceTree = BUILT_PRODUCTS_DIR; };
		9B0A4C3317F93DDB58AC120F /* Pods_GitHubTests.framework */ = {isa = PBXFileReference; explicitFileType = wrapper.framework; includeInIndex = 0; path = Pods_GitHubTests.framework; sourceTree = BUILT_PRODUCTS_DIR; };
/* End PBXFileReference section */

/* Begin PBXFrameworksBuildPhase section */
		0781E0B521CA50160040FB1E /* Frameworks */ = {
			isa = PBXFrameworksBuildPhase;
			buildActionMask = 2147483647;
			files = (
				B206B8C428FF41C935A2045C /* Pods_GitHub.framework in Frameworks */,
			);
			runOnlyForDeploymentPostprocessing = 0;
		};
		0781E0C921CA50180040FB1E /* Frameworks */ = {
			isa = PBXFrameworksBuildPhase;
			buildActionMask = 2147483647;
			files = (
				004187BA23D57841366B9EB4 /* Pods_GitHubTests.framework in Frameworks */,
			);
			runOnlyForDeploymentPostprocessing = 0;
		};
/* End PBXFrameworksBuildPhase section */

/* Begin PBXGroup section */
		0781E0AF21CA50160040FB1E = {
			isa = PBXGroup;
			children = (
				0781E0DF21CA51390040FB1E /* Assignment.pdf */,
				0781E0BA21CA50160040FB1E /* GitHub */,
				0781E0CF21CA50180040FB1E /* GitHubTests */,
				0781E0B921CA50160040FB1E /* Products */,
				6024F9932A6A8D0DC30902B8 /* Pods */,
				88EFD24D82F88FD932B7059B /* Frameworks */,
			);
			sourceTree = "<group>";
		};
		0781E0B921CA50160040FB1E /* Products */ = {
			isa = PBXGroup;
			children = (
				0781E0B821CA50160040FB1E /* GitHub.app */,
				0781E0CC21CA50180040FB1E /* GitHubTests.xctest */,
			);
			name = Products;
			sourceTree = "<group>";
		};
		0781E0BA21CA50160040FB1E /* GitHub */ = {
			isa = PBXGroup;
			children = (
				0781E0BB21CA50160040FB1E /* AppDelegate.swift */,
				0781E0DD21CA511D0040FB1E /* Configuration.swift */,
				0781E0BF21CA50160040FB1E /* Main.storyboard */,
				0781E11A21CA7CDD0040FB1E /* UI */,
				0781E10B21CA57410040FB1E /* Model */,
				0781E0FA21CA529D0040FB1E /* Network */,
				0781E0EF21CA51CD0040FB1E /* Views */,
				0781E0E821CA51C30040FB1E /* Extension */,
				0781E0DC21CA50F80040FB1E /* Controller */,
				0781E0F721CA52730040FB1E /* ViewModel */,
				0781E0DB21CA50F10040FB1E /* Resources */,
				0781E0C721CA50180040FB1E /* Info.plist */,
			);
			path = GitHub;
			sourceTree = "<group>";
		};
		0781E0CF21CA50180040FB1E /* GitHubTests */ = {
			isa = PBXGroup;
			children = (
				0781E0D021CA50180040FB1E /* GitHubTests.swift */,
				0781E0D221CA50180040FB1E /* Info.plist */,
			);
			path = GitHubTests;
			sourceTree = "<group>";
		};
		0781E0DB21CA50F10040FB1E /* Resources */ = {
			isa = PBXGroup;
			children = (
				0781E0C221CA50180040FB1E /* Assets.xcassets */,
				0781E0C421CA50180040FB1E /* LaunchScreen.storyboard */,
			);
			path = Resources;
			sourceTree = "<group>";
		};
		0781E0DC21CA50F80040FB1E /* Controller */ = {
			isa = PBXGroup;
			children = (
				0781E0BD21CA50160040FB1E /* SearchVC.swift */,
				0781E11221CA5C790040FB1E /* SearchVC+Delegates.swift */,
				0781E11821CA7C7B0040FB1E /* UserDetailsVC.swift */,
				0781E13121CAD1970040FB1E /* FollowersListVC.swift */,
			);
			path = Controller;
			sourceTree = "<group>";
		};
		0781E0E821CA51C30040FB1E /* Extension */ = {
			isa = PBXGroup;
			children = (
				0781E11D21CA7D070040FB1E /* UIView+Constraint+Extension.swift */,
				0781E0EA21CA51C30040FB1E /* UIView+Extension.swift */,
				0781E12521CAAA920040FB1E /* DateFormatter+Extension.swift */,
			);
			path = Extension;
			sourceTree = "<group>";
		};
		0781E0EF21CA51CD0040FB1E /* Views */ = {
			isa = PBXGroup;
			children = (
				0781E0F021CA51CD0040FB1E /* LoadingView */,
				0781E12B21CAAC640040FB1E /* DetailInfoView */,
				0781E11621CA5EBD0040FB1E /* UserCell.swift */,
			);
			path = Views;
			sourceTree = "<group>";
		};
		0781E0F021CA51CD0040FB1E /* LoadingView */ = {
			isa = PBXGroup;
			children = (
				0781E0F221CA51CD0040FB1E /* LoadingView.swift */,
				0781E0F121CA51CD0040FB1E /* LoadingView.xib */,
			);
			path = LoadingView;
			sourceTree = "<group>";
		};
		0781E0F721CA52730040FB1E /* ViewModel */ = {
			isa = PBXGroup;
			children = (
				0781E0F821CA52730040FB1E /* PagingViewModel.swift */,
				0781E12321CA9DD80040FB1E /* DetailsViewModel.swift */,
				0781E13321CAD6330040FB1E /* FollowersViewModel.swift */,
			);
			path = ViewModel;
			sourceTree = "<group>";
		};
		0781E0FA21CA529D0040FB1E /* Network */ = {
			isa = PBXGroup;
			children = (
				0781E0FB21CA529D0040FB1E /* NetworkManager.swift */,
				0781E10221CA53060040FB1E /* QueryItem.swift */,
				0781E10121CA53060040FB1E /* EndPointPath.swift */,
				0781E10321CA53060040FB1E /* EndPoints.swift */,
				0781E10421CA53060040FB1E /* URLManager.swift */,
			);
			path = Network;
			sourceTree = "<group>";
		};
		0781E10B21CA57410040FB1E /* Model */ = {
			isa = PBXGroup;
			children = (
				0781E10C21CA59820040FB1E /* Response.swift */,
				0781E10921CA573D0040FB1E /* User.swift */,
				0781E11F21CA85A90040FB1E /* UserType.swift */,
			);
			path = Model;
			sourceTree = "<group>";
		};
		0781E11A21CA7CDD0040FB1E /* UI */ = {
			isa = PBXGroup;
			children = (
				0781E11B21CA7CDD0040FB1E /* ActivityIndicator.swift */,
				0781E12121CA89760040FB1E /* Navigation.swift */,
			);
			path = UI;
			sourceTree = "<group>";
		};
		0781E12B21CAAC640040FB1E /* DetailInfoView */ = {
			isa = PBXGroup;
			children = (
				0781E12721CAAC450040FB1E /* DetailInfoView.swift */,
				0781E12921CAAC5A0040FB1E /* DetailInfoView.xib */,
			);
			path = DetailInfoView;
			sourceTree = "<group>";
		};
		6024F9932A6A8D0DC30902B8 /* Pods */ = {
			isa = PBXGroup;
			children = (
				36FA0061663C0C5E17AEB618 /* Pods-GitHub.debug.xcconfig */,
				45900162973BE12F9DC76BD1 /* Pods-GitHub.release.xcconfig */,
				36E4D194A9A7BD0163C0C0D9 /* Pods-GitHubTests.debug.xcconfig */,
				14B2E0D4B1BA45F4A9BAE6BC /* Pods-GitHubTests.release.xcconfig */,
			);
			name = Pods;
			sourceTree = "<group>";
		};
		88EFD24D82F88FD932B7059B /* Frameworks */ = {
			isa = PBXGroup;
			children = (
				60C6B7B84A7E5F383559ED11 /* Pods_GitHub.framework */,
				9B0A4C3317F93DDB58AC120F /* Pods_GitHubTests.framework */,
			);
			name = Frameworks;
			sourceTree = "<group>";
		};
/* End PBXGroup section */

/* Begin PBXNativeTarget section */
		0781E0B721CA50160040FB1E /* GitHub */ = {
			isa = PBXNativeTarget;
			buildConfigurationList = 0781E0D521CA50180040FB1E /* Build configuration list for PBXNativeTarget "GitHub" */;
			buildPhases = (
				7650A41B4DEC22CD1349473D /* [CP] Check Pods Manifest.lock */,
				0781E0B421CA50160040FB1E /* Sources */,
				0781E0B521CA50160040FB1E /* Frameworks */,
				0781E0B621CA50160040FB1E /* Resources */,
				C5C2CB8FB72580B2DE53511A /* [CP] Embed Pods Frameworks */,
			);
			buildRules = (
			);
			dependencies = (
			);
			name = GitHub;
			productName = GitHub;
			productReference = 0781E0B821CA50160040FB1E /* GitHub.app */;
			productType = "com.apple.product-type.application";
		};
		0781E0CB21CA50180040FB1E /* GitHubTests */ = {
			isa = PBXNativeTarget;
			buildConfigurationList = 0781E0D821CA50180040FB1E /* Build configuration list for PBXNativeTarget "GitHubTests" */;
			buildPhases = (
				947DB792F3E073A9B39026BA /* [CP] Check Pods Manifest.lock */,
				0781E0C821CA50180040FB1E /* Sources */,
				0781E0C921CA50180040FB1E /* Frameworks */,
				0781E0CA21CA50180040FB1E /* Resources */,
			);
			buildRules = (
			);
			dependencies = (
				0781E0CE21CA50180040FB1E /* PBXTargetDependency */,
			);
			name = GitHubTests;
			productName = GitHubTests;
			productReference = 0781E0CC21CA50180040FB1E /* GitHubTests.xctest */;
			productType = "com.apple.product-type.bundle.unit-test";
		};
/* End PBXNativeTarget section */

/* Begin PBXProject section */
		0781E0B021CA50160040FB1E /* Project object */ = {
			isa = PBXProject;
			attributes = {
				LastSwiftUpdateCheck = 1010;
				LastUpgradeCheck = 1010;
				ORGANIZATIONNAME = "Jitendra Gandhi";
				TargetAttributes = {
					0781E0B721CA50160040FB1E = {
						CreatedOnToolsVersion = 10.1;
					};
					0781E0CB21CA50180040FB1E = {
						CreatedOnToolsVersion = 10.1;
						TestTargetID = 0781E0B721CA50160040FB1E;
					};
				};
			};
			buildConfigurationList = 0781E0B321CA50160040FB1E /* Build configuration list for PBXProject "GitHub" */;
			compatibilityVersion = "Xcode 9.3";
			developmentRegion = en;
			hasScannedForEncodings = 0;
			knownRegions = (
				en,
				Base,
			);
			mainGroup = 0781E0AF21CA50160040FB1E;
			productRefGroup = 0781E0B921CA50160040FB1E /* Products */;
			projectDirPath = "";
			projectRoot = "";
			targets = (
				0781E0B721CA50160040FB1E /* GitHub */,
				0781E0CB21CA50180040FB1E /* GitHubTests */,
			);
		};
/* End PBXProject section */

/* Begin PBXResourcesBuildPhase section */
		0781E0B621CA50160040FB1E /* Resources */ = {
			isa = PBXResourcesBuildPhase;
			buildActionMask = 2147483647;
			files = (
				0781E0C621CA50180040FB1E /* LaunchScreen.storyboard in Resources */,
				0781E0F421CA51CD0040FB1E /* LoadingView.xib in Resources */,
				0781E0C321CA50180040FB1E /* Assets.xcassets in Resources */,
				0781E0C121CA50160040FB1E /* Main.storyboard in Resources */,
				0781E12A21CAAC5A0040FB1E /* DetailInfoView.xib in Resources */,
			);
			runOnlyForDeploymentPostprocessing = 0;
		};
		0781E0CA21CA50180040FB1E /* Resources */ = {
			isa = PBXResourcesBuildPhase;
			buildActionMask = 2147483647;
			files = (
			);
			runOnlyForDeploymentPostprocessing = 0;
		};
/* End PBXResourcesBuildPhase section */

/* Begin PBXShellScriptBuildPhase section */
		7650A41B4DEC22CD1349473D /* [CP] Check Pods Manifest.lock */ = {
			isa = PBXShellScriptBuildPhase;
			buildActionMask = 2147483647;
			files = (
			);
			inputFileListPaths = (
			);
			inputPaths = (
				"${PODS_PODFILE_DIR_PATH}/Podfile.lock",
				"${PODS_ROOT}/Manifest.lock",
			);
			name = "[CP] Check Pods Manifest.lock";
			outputFileListPaths = (
			);
			outputPaths = (
				"$(DERIVED_FILE_DIR)/Pods-GitHub-checkManifestLockResult.txt",
			);
			runOnlyForDeploymentPostprocessing = 0;
			shellPath = /bin/sh;
			shellScript = "diff \"${PODS_PODFILE_DIR_PATH}/Podfile.lock\" \"${PODS_ROOT}/Manifest.lock\" > /dev/null\nif [ $? != 0 ] ; then\n    # print error to STDERR\n    echo \"error: The sandbox is not in sync with the Podfile.lock. Run 'pod install' or update your CocoaPods installation.\" >&2\n    exit 1\nfi\n# This output is used by Xcode 'outputs' to avoid re-running this script phase.\necho \"SUCCESS\" > \"${SCRIPT_OUTPUT_FILE_0}\"\n";
			showEnvVarsInLog = 0;
		};
		947DB792F3E073A9B39026BA /* [CP] Check Pods Manifest.lock */ = {
			isa = PBXShellScriptBuildPhase;
			buildActionMask = 2147483647;
			files = (
			);
			inputFileListPaths = (
			);
			inputPaths = (
				"${PODS_PODFILE_DIR_PATH}/Podfile.lock",
				"${PODS_ROOT}/Manifest.lock",
			);
			name = "[CP] Check Pods Manifest.lock";
			outputFileListPaths = (
			);
			outputPaths = (
				"$(DERIVED_FILE_DIR)/Pods-GitHubTests-checkManifestLockResult.txt",
			);
			runOnlyForDeploymentPostprocessing = 0;
			shellPath = /bin/sh;
			shellScript = "diff \"${PODS_PODFILE_DIR_PATH}/Podfile.lock\" \"${PODS_ROOT}/Manifest.lock\" > /dev/null\nif [ $? != 0 ] ; then\n    # print error to STDERR\n    echo \"error: The sandbox is not in sync with the Podfile.lock. Run 'pod install' or update your CocoaPods installation.\" >&2\n    exit 1\nfi\n# This output is used by Xcode 'outputs' to avoid re-running this script phase.\necho \"SUCCESS\" > \"${SCRIPT_OUTPUT_FILE_0}\"\n";
			showEnvVarsInLog = 0;
		};
		C5C2CB8FB72580B2DE53511A /* [CP] Embed Pods Frameworks */ = {
			isa = PBXShellScriptBuildPhase;
			buildActionMask = 2147483647;
			files = (
			);
			inputFileListPaths = (
			);
			inputPaths = (
				"${SRCROOT}/Pods/Target Support Files/Pods-GitHub/Pods-GitHub-frameworks.sh",
				"${BUILT_PRODUCTS_DIR}/FireCache/FireCache.framework",
			);
			name = "[CP] Embed Pods Frameworks";
			outputFileListPaths = (
			);
			outputPaths = (
				"${TARGET_BUILD_DIR}/${FRAMEWORKS_FOLDER_PATH}/FireCache.framework",
			);
			runOnlyForDeploymentPostprocessing = 0;
			shellPath = /bin/sh;
			shellScript = "\"${SRCROOT}/Pods/Target Support Files/Pods-GitHub/Pods-GitHub-frameworks.sh\"\n";
			showEnvVarsInLog = 0;
		};
/* End PBXShellScriptBuildPhase section */

/* Begin PBXSourcesBuildPhase section */
		0781E0B421CA50160040FB1E /* Sources */ = {
			isa = PBXSourcesBuildPhase;
			buildActionMask = 2147483647;
			files = (
				0781E10621CA53060040FB1E /* QueryItem.swift in Sources */,
				0781E0DE21CA511D0040FB1E /* Configuration.swift in Sources */,
				0781E0BE21CA50160040FB1E /* SearchVC.swift in Sources */,
				0781E0F921CA52730040FB1E /* PagingViewModel.swift in Sources */,
				0781E10821CA53060040FB1E /* URLManager.swift in Sources */,
				0781E10521CA53060040FB1E /* EndPointPath.swift in Sources */,
				0781E10D21CA59820040FB1E /* Response.swift in Sources */,
				0781E12821CAAC450040FB1E /* DetailInfoView.swift in Sources */,
				0781E13221CAD1970040FB1E /* FollowersListVC.swift in Sources */,
				0781E12221CA89760040FB1E /* Navigation.swift in Sources */,
				0781E0FE21CA529E0040FB1E /* NetworkManager.swift in Sources */,
				0781E11721CA5EBD0040FB1E /* UserCell.swift in Sources */,
				0781E10721CA53060040FB1E /* EndPoints.swift in Sources */,
				0781E12421CA9DD80040FB1E /* DetailsViewModel.swift in Sources */,
				0781E11321CA5C790040FB1E /* SearchVC+Delegates.swift in Sources */,
				0781E10A21CA573D0040FB1E /* User.swift in Sources */,
				0781E11921CA7C7B0040FB1E /* UserDetailsVC.swift in Sources */,
				0781E0BC21CA50160040FB1E /* AppDelegate.swift in Sources */,
				0781E12021CA85A90040FB1E /* UserType.swift in Sources */,
				0781E13421CAD6330040FB1E /* FollowersViewModel.swift in Sources */,
				0781E0ED21CA51C30040FB1E /* UIView+Extension.swift in Sources */,
				0781E0F521CA51CD0040FB1E /* LoadingView.swift in Sources */,
				0781E11C21CA7CDD0040FB1E /* ActivityIndicator.swift in Sources */,
				0781E12621CAAA920040FB1E /* DateFormatter+Extension.swift in Sources */,
				0781E11E21CA7D070040FB1E /* UIView+Constraint+Extension.swift in Sources */,
			);
			runOnlyForDeploymentPostprocessing = 0;
		};
		0781E0C821CA50180040FB1E /* Sources */ = {
			isa = PBXSourcesBuildPhase;
			buildActionMask = 2147483647;
			files = (
				0781E0D121CA50180040FB1E /* GitHubTests.swift in Sources */,
			);
			runOnlyForDeploymentPostprocessing = 0;
		};
/* End PBXSourcesBuildPhase section */

/* Begin PBXTargetDependency section */
		0781E0CE21CA50180040FB1E /* PBXTargetDependency */ = {
			isa = PBXTargetDependency;
			target = 0781E0B721CA50160040FB1E /* GitHub */;
			targetProxy = 0781E0CD21CA50180040FB1E /* PBXContainerItemProxy */;
		};
/* End PBXTargetDependency section */

/* Begin PBXVariantGroup section */
		0781E0BF21CA50160040FB1E /* Main.storyboard */ = {
			isa = PBXVariantGroup;
			children = (
				0781E0C021CA50160040FB1E /* Base */,
			);
			name = Main.storyboard;
			sourceTree = "<group>";
		};
		0781E0C421CA50180040FB1E /* LaunchScreen.storyboard */ = {
			isa = PBXVariantGroup;
			children = (
				0781E0C521CA50180040FB1E /* Base */,
			);
			name = LaunchScreen.storyboard;
			sourceTree = "<group>";
		};
/* End PBXVariantGroup section */

/* Begin XCBuildConfiguration section */
		0781E0D321CA50180040FB1E /* Debug */ = {
			isa = XCBuildConfiguration;
			buildSettings = {
				ALWAYS_SEARCH_USER_PATHS = NO;
				CLANG_ANALYZER_NONNULL = YES;
				CLANG_ANALYZER_NUMBER_OBJECT_CONVERSION = YES_AGGRESSIVE;
				CLANG_CXX_LANGUAGE_STANDARD = "gnu++14";
				CLANG_CXX_LIBRARY = "libc++";
				CLANG_ENABLE_MODULES = YES;
				CLANG_ENABLE_OBJC_ARC = YES;
				CLANG_ENABLE_OBJC_WEAK = YES;
				CLANG_WARN_BLOCK_CAPTURE_AUTORELEASING = YES;
				CLANG_WARN_BOOL_CONVERSION = YES;
				CLANG_WARN_COMMA = YES;
				CLANG_WARN_CONSTANT_CONVERSION = YES;
				CLANG_WARN_DEPRECATED_OBJC_IMPLEMENTATIONS = YES;
				CLANG_WARN_DIRECT_OBJC_ISA_USAGE = YES_ERROR;
				CLANG_WARN_DOCUMENTATION_COMMENTS = YES;
				CLANG_WARN_EMPTY_BODY = YES;
				CLANG_WARN_ENUM_CONVERSION = YES;
				CLANG_WARN_INFINITE_RECURSION = YES;
				CLANG_WARN_INT_CONVERSION = YES;
				CLANG_WARN_NON_LITERAL_NULL_CONVERSION = YES;
				CLANG_WARN_OBJC_IMPLICIT_RETAIN_SELF = YES;
				CLANG_WARN_OBJC_LITERAL_CONVERSION = YES;
				CLANG_WARN_OBJC_ROOT_CLASS = YES_ERROR;
				CLANG_WARN_RANGE_LOOP_ANALYSIS = YES;
				CLANG_WARN_STRICT_PROTOTYPES = YES;
				CLANG_WARN_SUSPICIOUS_MOVE = YES;
				CLANG_WARN_UNGUARDED_AVAILABILITY = YES_AGGRESSIVE;
				CLANG_WARN_UNREACHABLE_CODE = YES;
				CLANG_WARN__DUPLICATE_METHOD_MATCH = YES;
				CODE_SIGN_IDENTITY = "iPhone Developer";
				COPY_PHASE_STRIP = NO;
				DEBUG_INFORMATION_FORMAT = dwarf;
				ENABLE_STRICT_OBJC_MSGSEND = YES;
				ENABLE_TESTABILITY = YES;
				GCC_C_LANGUAGE_STANDARD = gnu11;
				GCC_DYNAMIC_NO_PIC = NO;
				GCC_NO_COMMON_BLOCKS = YES;
				GCC_OPTIMIZATION_LEVEL = 0;
				GCC_PREPROCESSOR_DEFINITIONS = (
					"DEBUG=1",
					"$(inherited)",
				);
				GCC_WARN_64_TO_32_BIT_CONVERSION = YES;
				GCC_WARN_ABOUT_RETURN_TYPE = YES_ERROR;
				GCC_WARN_UNDECLARED_SELECTOR = YES;
				GCC_WARN_UNINITIALIZED_AUTOS = YES_AGGRESSIVE;
				GCC_WARN_UNUSED_FUNCTION = YES;
				GCC_WARN_UNUSED_VARIABLE = YES;
				IPHONEOS_DEPLOYMENT_TARGET = 12.1;
				MTL_ENABLE_DEBUG_INFO = INCLUDE_SOURCE;
				MTL_FAST_MATH = YES;
				ONLY_ACTIVE_ARCH = YES;
				SDKROOT = iphoneos;
				SWIFT_ACTIVE_COMPILATION_CONDITIONS = DEBUG;
				SWIFT_OPTIMIZATION_LEVEL = "-Onone";
			};
			name = Debug;
		};
		0781E0D421CA50180040FB1E /* Release */ = {
			isa = XCBuildConfiguration;
			buildSettings = {
				ALWAYS_SEARCH_USER_PATHS = NO;
				CLANG_ANALYZER_NONNULL = YES;
				CLANG_ANALYZER_NUMBER_OBJECT_CONVERSION = YES_AGGRESSIVE;
				CLANG_CXX_LANGUAGE_STANDARD = "gnu++14";
				CLANG_CXX_LIBRARY = "libc++";
				CLANG_ENABLE_MODULES = YES;
				CLANG_ENABLE_OBJC_ARC = YES;
				CLANG_ENABLE_OBJC_WEAK = YES;
				CLANG_WARN_BLOCK_CAPTURE_AUTORELEASING = YES;
				CLANG_WARN_BOOL_CONVERSION = YES;
				CLANG_WARN_COMMA = YES;
				CLANG_WARN_CONSTANT_CONVERSION = YES;
				CLANG_WARN_DEPRECATED_OBJC_IMPLEMENTATIONS = YES;
				CLANG_WARN_DIRECT_OBJC_ISA_USAGE = YES_ERROR;
				CLANG_WARN_DOCUMENTATION_COMMENTS = YES;
				CLANG_WARN_EMPTY_BODY = YES;
				CLANG_WARN_ENUM_CONVERSION = YES;
				CLANG_WARN_INFINITE_RECURSION = YES;
				CLANG_WARN_INT_CONVERSION = YES;
				CLANG_WARN_NON_LITERAL_NULL_CONVERSION = YES;
				CLANG_WARN_OBJC_IMPLICIT_RETAIN_SELF = YES;
				CLANG_WARN_OBJC_LITERAL_CONVERSION = YES;
				CLANG_WARN_OBJC_ROOT_CLASS = YES_ERROR;
				CLANG_WARN_RANGE_LOOP_ANALYSIS = YES;
				CLANG_WARN_STRICT_PROTOTYPES = YES;
				CLANG_WARN_SUSPICIOUS_MOVE = YES;
				CLANG_WARN_UNGUARDED_AVAILABILITY = YES_AGGRESSIVE;
				CLANG_WARN_UNREACHABLE_CODE = YES;
				CLANG_WARN__DUPLICATE_METHOD_MATCH = YES;
				CODE_SIGN_IDENTITY = "iPhone Developer";
				COPY_PHASE_STRIP = NO;
				DEBUG_INFORMATION_FORMAT = "dwarf-with-dsym";
				ENABLE_NS_ASSERTIONS = NO;
				ENABLE_STRICT_OBJC_MSGSEND = YES;
				GCC_C_LANGUAGE_STANDARD = gnu11;
				GCC_NO_COMMON_BLOCKS = YES;
				GCC_WARN_64_TO_32_BIT_CONVERSION = YES;
				GCC_WARN_ABOUT_RETURN_TYPE = YES_ERROR;
				GCC_WARN_UNDECLARED_SELECTOR = YES;
				GCC_WARN_UNINITIALIZED_AUTOS = YES_AGGRESSIVE;
				GCC_WARN_UNUSED_FUNCTION = YES;
				GCC_WARN_UNUSED_VARIABLE = YES;
				IPHONEOS_DEPLOYMENT_TARGET = 12.1;
				MTL_ENABLE_DEBUG_INFO = NO;
				MTL_FAST_MATH = YES;
				SDKROOT = iphoneos;
				SWIFT_COMPILATION_MODE = wholemodule;
				SWIFT_OPTIMIZATION_LEVEL = "-O";
				VALIDATE_PRODUCT = YES;
			};
			name = Release;
		};
		0781E0D621CA50180040FB1E /* Debug */ = {
			isa = XCBuildConfiguration;
			baseConfigurationReference = 36FA0061663C0C5E17AEB618 /* Pods-GitHub.debug.xcconfig */;
			buildSettings = {
				ASSETCATALOG_COMPILER_APPICON_NAME = AppIcon;
				CODE_SIGN_STYLE = Automatic;
				INFOPLIST_FILE = GitHub/Info.plist;
				IPHONEOS_DEPLOYMENT_TARGET = 9.0;
				LD_RUNPATH_SEARCH_PATHS = (
					"$(inherited)",
					"@executable_path/Frameworks",
				);
				PRODUCT_BUNDLE_IDENTIFIER = com.itsji10dra.GitHub;
				PRODUCT_NAME = "$(TARGET_NAME)";
				SWIFT_VERSION = 4.2;
				TARGETED_DEVICE_FAMILY = "1,2";
			};
			name = Debug;
		};
		0781E0D721CA50180040FB1E /* Release */ = {
			isa = XCBuildConfiguration;
			baseConfigurationReference = 45900162973BE12F9DC76BD1 /* Pods-GitHub.release.xcconfig */;
			buildSettings = {
				ASSETCATALOG_COMPILER_APPICON_NAME = AppIcon;
				CODE_SIGN_STYLE = Automatic;
				INFOPLIST_FILE = GitHub/Info.plist;
				IPHONEOS_DEPLOYMENT_TARGET = 9.0;
				LD_RUNPATH_SEARCH_PATHS = (
					"$(inherited)",
					"@executable_path/Frameworks",
				);
				PRODUCT_BUNDLE_IDENTIFIER = com.itsji10dra.GitHub;
				PRODUCT_NAME = "$(TARGET_NAME)";
				SWIFT_VERSION = 4.2;
				TARGETED_DEVICE_FAMILY = "1,2";
			};
			name = Release;
		};
		0781E0D921CA50180040FB1E /* Debug */ = {
			isa = XCBuildConfiguration;
			baseConfigurationReference = 36E4D194A9A7BD0163C0C0D9 /* Pods-GitHubTests.debug.xcconfig */;
			buildSettings = {
				ALWAYS_EMBED_SWIFT_STANDARD_LIBRARIES = YES;
				BUNDLE_LOADER = "$(TEST_HOST)";
				CODE_SIGN_STYLE = Automatic;
				INFOPLIST_FILE = GitHubTests/Info.plist;
				LD_RUNPATH_SEARCH_PATHS = (
					"$(inherited)",
					"@executable_path/Frameworks",
					"@loader_path/Frameworks",
				);
				PRODUCT_BUNDLE_IDENTIFIER = com.itsji10dra.GitHubTests;
				PRODUCT_NAME = "$(TARGET_NAME)";
				SWIFT_VERSION = 4.2;
				TARGETED_DEVICE_FAMILY = "1,2";
				TEST_HOST = "$(BUILT_PRODUCTS_DIR)/GitHub.app/GitHub";
			};
			name = Debug;
		};
		0781E0DA21CA50180040FB1E /* Release */ = {
			isa = XCBuildConfiguration;
			baseConfigurationReference = 14B2E0D4B1BA45F4A9BAE6BC /* Pods-GitHubTests.release.xcconfig */;
			buildSettings = {
				ALWAYS_EMBED_SWIFT_STANDARD_LIBRARIES = YES;
				BUNDLE_LOADER = "$(TEST_HOST)";
				CODE_SIGN_STYLE = Automatic;
				INFOPLIST_FILE = GitHubTests/Info.plist;
				LD_RUNPATH_SEARCH_PATHS = (
					"$(inherited)",
					"@executable_path/Frameworks",
					"@loader_path/Frameworks",
				);
				PRODUCT_BUNDLE_IDENTIFIER = com.itsji10dra.GitHubTests;
				PRODUCT_NAME = "$(TARGET_NAME)";
				SWIFT_VERSION = 4.2;
				TARGETED_DEVICE_FAMILY = "1,2";
				TEST_HOST = "$(BUILT_PRODUCTS_DIR)/GitHub.app/GitHub";
			};
			name = Release;
		};
/* End XCBuildConfiguration section */

/* Begin XCConfigurationList section */
		0781E0B321CA50160040FB1E /* Build configuration list for PBXProject "GitHub" */ = {
			isa = XCConfigurationList;
			buildConfigurations = (
				0781E0D321CA50180040FB1E /* Debug */,
				0781E0D421CA50180040FB1E /* Release */,
			);
			defaultConfigurationIsVisible = 0;
			defaultConfigurationName = Release;
		};
		0781E0D521CA50180040FB1E /* Build configuration list for PBXNativeTarget "GitHub" */ = {
			isa = XCConfigurationList;
			buildConfigurations = (
				0781E0D621CA50180040FB1E /* Debug */,
				0781E0D721CA50180040FB1E /* Release */,
			);
			defaultConfigurationIsVisible = 0;
			defaultConfigurationName = Release;
		};
		0781E0D821CA50180040FB1E /* Build configuration list for PBXNativeTarget "GitHubTests" */ = {
			isa = XCConfigurationList;
			buildConfigurations = (
				0781E0D921CA50180040FB1E /* Debug */,
				0781E0DA21CA50180040FB1E /* Release */,
			);
			defaultConfigurationIsVisible = 0;
			defaultConfigurationName = Release;
		};
/* End XCConfigurationList section */
	};
	rootObject = 0781E0B021CA50160040FB1E /* Project object */;
}
